// !$*UTF8*$!
{
	archiveVersion = 1;
	classes = {
	};
	objectVersion = 46;
	objects = {

/* Begin PBXBuildFile section */
		5205C9B01B42305C00A7B793 /* AppDelegate.swift in Sources */ = {isa = PBXBuildFile; fileRef = 5205C9AF1B42305C00A7B793 /* AppDelegate.swift */; };
		5205C9B21B42305C00A7B793 /* ViewController.swift in Sources */ = {isa = PBXBuildFile; fileRef = 5205C9B11B42305C00A7B793 /* ViewController.swift */; };
		5205C9B51B42305C00A7B793 /* Main.storyboard in Resources */ = {isa = PBXBuildFile; fileRef = 5205C9B31B42305C00A7B793 /* Main.storyboard */; };
		5205C9B71B42305C00A7B793 /* Images.xcassets in Resources */ = {isa = PBXBuildFile; fileRef = 5205C9B61B42305C00A7B793 /* Images.xcassets */; };
		5205C9BA1B42305C00A7B793 /* LaunchScreen.xib in Resources */ = {isa = PBXBuildFile; fileRef = 5205C9B81B42305C00A7B793 /* LaunchScreen.xib */; };
		5205C9C61B42305C00A7B793 /* SwiftBallTests.swift in Sources */ = {isa = PBXBuildFile; fileRef = 5205C9C51B42305C00A7B793 /* SwiftBallTests.swift */; };
/* End PBXBuildFile section */

/* Begin PBXContainerItemProxy section */
		5205C9C01B42305C00A7B793 /* PBXContainerItemProxy */ = {
			isa = PBXContainerItemProxy;
			containerPortal = 5205C9A21B42305C00A7B793 /* Project object */;
			proxyType = 1;
			remoteGlobalIDString = 5205C9A91B42305C00A7B793;
			remoteInfo = SwiftBall;
		};
/* End PBXContainerItemProxy section */

/* Begin PBXFileReference section */
		5205C9AA1B42305C00A7B793 /* SwiftBall.app */ = {isa = PBXFileReference; explicitFileType = wrapper.application; includeInIndex = 0; path = SwiftBall.app; sourceTree = BUILT_PRODUCTS_DIR; };
		5205C9AE1B42305C00A7B793 /* Info.plist */ = {isa = PBXFileReference; lastKnownFileType = text.plist.xml; path = Info.plist; sourceTree = "<group>"; };
		5205C9AF1B42305C00A7B793 /* AppDelegate.swift */ = {isa = PBXFileReference; lastKnownFileType = sourcecode.swift; path = AppDelegate.swift; sourceTree = "<group>"; };
		5205C9B11B42305C00A7B793 /* ViewController.swift */ = {isa = PBXFileReference; lastKnownFileType = sourcecode.swift; path = ViewController.swift; sourceTree = "<group>"; };
		5205C9B41B42305C00A7B793 /* Base */ = {isa = PBXFileReference; lastKnownFileType = file.storyboard; name = Base; path = Base.lproj/Main.storyboard; sourceTree = "<group>"; };
		5205C9B61B42305C00A7B793 /* Images.xcassets */ = {isa = PBXFileReference; lastKnownFileType = folder.assetcatalog; path = Images.xcassets; sourceTree = "<group>"; };
		5205C9B91B42305C00A7B793 /* Base */ = {isa = PBXFileReference; lastKnownFileType = file.xib; name = Base; path = Base.lproj/LaunchScreen.xib; sourceTree = "<group>"; };
		5205C9BF1B42305C00A7B793 /* SwiftBallTests.xctest */ = {isa = PBXFileReference; explicitFileType = wrapper.cfbundle; includeInIndex = 0; path = SwiftBallTests.xctest; sourceTree = BUILT_PRODUCTS_DIR; };
		5205C9C41B42305C00A7B793 /* Info.plist */ = {isa = PBXFileReference; lastKnownFileType = text.plist.xml; path = Info.plist; sourceTree = "<group>"; };
		5205C9C51B42305C00A7B793 /* SwiftBallTests.swift */ = {isa = PBXFileReference; lastKnownFileType = sourcecode.swift; path = SwiftBallTests.swift; sourceTree = "<group>"; };
/* End PBXFileReference section */

/* Begin PBXFrameworksBuildPhase section */
		5205C9A71B42305C00A7B793 /* Frameworks */ = {
			isa = PBXFrameworksBuildPhase;
			buildActionMask = 2147483647;
			files = (
			);
			runOnlyForDeploymentPostprocessing = 0;
		};
		5205C9BC1B42305C00A7B793 /* Frameworks */ = {
			isa = PBXFrameworksBuildPhase;
			buildActionMask = 2147483647;
			files = (
			);
			runOnlyForDeploymentPostprocessing = 0;
		};
/* End PBXFrameworksBuildPhase section */

/* Begin PBXGroup section */
		5205C9A11B42305C00A7B793 = {
			isa = PBXGroup;
			children = (
				5205C9AC1B42305C00A7B793 /* SwiftBall */,
				5205C9C21B42305C00A7B793 /* SwiftBallTests */,
				5205C9AB1B42305C00A7B793 /* Products */,
			);
			sourceTree = "<group>";
		};
		5205C9AB1B42305C00A7B793 /* Products */ = {
			isa = PBXGroup;
			children = (
				5205C9AA1B42305C00A7B793 /* SwiftBall.app */,
				5205C9BF1B42305C00A7B793 /* SwiftBallTests.xctest */,
			);
			name = Products;
			sourceTree = "<group>";
		};
		5205C9AC1B42305C00A7B793 /* SwiftBall */ = {
			isa = PBXGroup;
			children = (
				5205C9AF1B42305C00A7B793 /* AppDelegate.swift */,
				5205C9B11B42305C00A7B793 /* ViewController.swift */,
				5205C9B31B42305C00A7B793 /* Main.storyboard */,
				5205C9B61B42305C00A7B793 /* Images.xcassets */,
				5205C9B81B42305C00A7B793 /* LaunchScreen.xib */,
				5205C9AD1B42305C00A7B793 /* Supporting Files */,
			);
			path = SwiftBall;
			sourceTree = "<group>";
		};
		5205C9AD1B42305C00A7B793 /* Supporting Files */ = {
			isa = PBXGroup;
			children = (
				5205C9AE1B42305C00A7B793 /* Info.plist */,
			);
			name = "Supporting Files";
			sourceTree = "<group>";
		};
		5205C9C21B42305C00A7B793 /* SwiftBallTests */ = {
			isa = PBXGroup;
			children = (
				5205C9C51B42305C00A7B793 /* SwiftBallTests.swift */,
				5205C9C31B42305C00A7B793 /* Supporting Files */,
			);
			path = SwiftBallTests;
			sourceTree = "<group>";
		};
		5205C9C31B42305C00A7B793 /* Supporting Files */ = {
			isa = PBXGroup;
			children = (
				5205C9C41B42305C00A7B793 /* Info.plist */,
			);
			name = "Supporting Files";
			sourceTree = "<group>";
		};
/* End PBXGroup section */

/* Begin PBXNativeTarget section */
		5205C9A91B42305C00A7B793 /* SwiftBall */ = {
			isa = PBXNativeTarget;
			buildConfigurationList = 5205C9C91B42305C00A7B793 /* Build configuration list for PBXNativeTarget "SwiftBall" */;
			buildPhases = (
				5205C9A61B42305C00A7B793 /* Sources */,
				5205C9A71B42305C00A7B793 /* Frameworks */,
				5205C9A81B42305C00A7B793 /* Resources */,
			);
			buildRules = (
			);
			dependencies = (
			);
			name = SwiftBall;
			productName = SwiftBall;
			productReference = 5205C9AA1B42305C00A7B793 /* SwiftBall.app */;
			productType = "com.apple.product-type.application";
		};
		5205C9BE1B42305C00A7B793 /* SwiftBallTests */ = {
			isa = PBXNativeTarget;
			buildConfigurationList = 5205C9CC1B42305C00A7B793 /* Build configuration list for PBXNativeTarget "SwiftBallTests" */;
			buildPhases = (
				5205C9BB1B42305C00A7B793 /* Sources */,
				5205C9BC1B42305C00A7B793 /* Frameworks */,
				5205C9BD1B42305C00A7B793 /* Resources */,
			);
			buildRules = (
			);
			dependencies = (
				5205C9C11B42305C00A7B793 /* PBXTargetDependency */,
			);
			name = SwiftBallTests;
			productName = SwiftBallTests;
			productReference = 5205C9BF1B42305C00A7B793 /* SwiftBallTests.xctest */;
			productType = "com.apple.product-type.bundle.unit-test";
		};
/* End PBXNativeTarget section */

/* Begin PBXProject section */
		5205C9A21B42305C00A7B793 /* Project object */ = {
			isa = PBXProject;
			attributes = {
				LastUpgradeCheck = 0610;
				ORGANIZATIONNAME = "John Henckel";
				TargetAttributes = {
					5205C9A91B42305C00A7B793 = {
						CreatedOnToolsVersion = 6.1.1;
					};
					5205C9BE1B42305C00A7B793 = {
						CreatedOnToolsVersion = 6.1.1;
						TestTargetID = 5205C9A91B42305C00A7B793;
					};
				};
			};
			buildConfigurationList = 5205C9A51B42305C00A7B793 /* Build configuration list for PBXProject "SwiftBall" */;
			compatibilityVersion = "Xcode 3.2";
			developmentRegion = English;
			hasScannedForEncodings = 0;
			knownRegions = (
				en,
				Base,
			);
			mainGroup = 5205C9A11B42305C00A7B793;
			productRefGroup = 5205C9AB1B42305C00A7B793 /* Products */;
			projectDirPath = "";
			projectRoot = "";
			targets = (
				5205C9A91B42305C00A7B793 /* SwiftBall */,
				5205C9BE1B42305C00A7B793 /* SwiftBallTests */,
			);
		};
/* End PBXProject section */

/* Begin PBXResourcesBuildPhase section */
		5205C9A81B42305C00A7B793 /* Resources */ = {
			isa = PBXResourcesBuildPhase;
			buildActionMask = 2147483647;
			files = (
				5205C9B51B42305C00A7B793 /* Main.storyboard in Resources */,
				5205C9BA1B42305C00A7B793 /* LaunchScreen.xib in Resources */,
				5205C9B71B42305C00A7B793 /* Images.xcassets in Resources */,
			);
			runOnlyForDeploymentPostprocessing = 0;
		};
		5205C9BD1B42305C00A7B793 /* Resources */ = {
			isa = PBXResourcesBuildPhase;
			buildActionMask = 2147483647;
			files = (
			);
			runOnlyForDeploymentPostprocessing = 0;
		};
/* End PBXResourcesBuildPhase section */

/* Begin PBXSourcesBuildPhase section */
		5205C9A61B42305C00A7B793 /* Sources */ = {
			isa = PBXSourcesBuildPhase;
			buildActionMask = 2147483647;
			files = (
				5205C9B21B42305C00A7B793 /* ViewController.swift in Sources */,
				5205C9B01B42305C00A7B793 /* AppDelegate.swift in Sources */,
			);
			runOnlyForDeploymentPostprocessing = 0;
		};
		5205C9BB1B42305C00A7B793 /* Sources */ = {
			isa = PBXSourcesBuildPhase;
			buildActionMask = 2147483647;
			files = (
				5205C9C61B42305C00A7B793 /* SwiftBallTests.swift in Sources */,
			);
			runOnlyForDeploymentPostprocessing = 0;
		};
/* End PBXSourcesBuildPhase section */

/* Begin PBXTargetDependency section */
		5205C9C11B42305C00A7B793 /* PBXTargetDependency */ = {
			isa = PBXTargetDependency;
			target = 5205C9A91B42305C00A7B793 /* SwiftBall */;
			targetProxy = 5205C9C01B42305C00A7B793 /* PBXContainerItemProxy */;
		};
/* End PBXTargetDependency section */

/* Begin PBXVariantGroup section */
		5205C9B31B42305C00A7B793 /* Main.storyboard */ = {
			isa = PBXVariantGroup;
			children = (
				5205C9B41B42305C00A7B793 /* Base */,
			);
			name = Main.storyboard;
			sourceTree = "<group>";
		};
		5205C9B81B42305C00A7B793 /* LaunchScreen.xib */ = {
			isa = PBXVariantGroup;
			children = (
				5205C9B91B42305C00A7B793 /* Base */,
			);
			name = LaunchScreen.xib;
			sourceTree = "<group>";
		};
/* End PBXVariantGroup section */

/* Begin XCBuildConfiguration section */
		5205C9C71B42305C00A7B793 /* Debug */ = {
			isa = XCBuildConfiguration;
			buildSettings = {
				ALWAYS_SEARCH_USER_PATHS = NO;
				CLANG_CXX_LANGUAGE_STANDARD = "gnu++0x";
				CLANG_CXX_LIBRARY = "libc++";
				CLANG_ENABLE_MODULES = YES;
				CLANG_ENABLE_OBJC_ARC = YES;
				CLANG_WARN_BOOL_CONVERSION = YES;
				CLANG_WARN_CONSTANT_CONVERSION = YES;
				CLANG_WARN_DIRECT_OBJC_ISA_USAGE = YES_ERROR;
				CLANG_WARN_EMPTY_BODY = YES;
				CLANG_WARN_ENUM_CONVERSION = YES;
				CLANG_WARN_INT_CONVERSION = YES;
				CLANG_WARN_OBJC_ROOT_CLASS = YES_ERROR;
				CLANG_WARN_UNREACHABLE_CODE = YES;
				CLANG_WARN__DUPLICATE_METHOD_MATCH = YES;
				"CODE_SIGN_IDENTITY[sdk=iphoneos*]" = "iPhone Developer";
				COPY_PHASE_STRIP = NO;
				ENABLE_STRICT_OBJC_MSGSEND = YES;
				GCC_C_LANGUAGE_STANDARD = gnu99;
				GCC_DYNAMIC_NO_PIC = NO;
				GCC_OPTIMIZATION_LEVEL = 0;
				GCC_PREPROCESSOR_DEFINITIONS = (
					"DEBUG=1",
					"$(inherited)",
				);
				GCC_SYMBOLS_PRIVATE_EXTERN = NO;
				GCC_WARN_64_TO_32_BIT_CONVERSION = YES;
				GCC_WARN_ABOUT_RETURN_TYPE = YES_ERROR;
				GCC_WARN_UNDECLARED_SELECTOR = YES;
				GCC_WARN_UNINITIALIZED_AUTOS = YES_AGGRESSIVE;
				GCC_WARN_UNUSED_FUNCTION = YES;
				GCC_WARN_UNUSED_VARIABLE = YES;
				IPHONEOS_DEPLOYMENT_TARGET = 8.1;
				MTL_ENABLE_DEBUG_INFO = YES;
				ONLY_ACTIVE_ARCH = YES;
				SDKROOT = iphoneos;
				SWIFT_OPTIMIZATION_LEVEL = "-Onone";
				TARGETED_DEVICE_FAMILY = "1,2";
			};
			name = Debug;
		};
		5205C9C81B42305C00A7B793 /* Release */ = {
			isa = XCBuildConfiguration;
			buildSettings = {
				ALWAYS_SEARCH_USER_PATHS = NO;
				CLANG_CXX_LANGUAGE_STANDARD = "gnu++0x";
				CLANG_CXX_LIBRARY = "libc++";
				CLANG_ENABLE_MODULES = YES;
				CLANG_ENABLE_OBJC_ARC = YES;
				CLANG_WARN_BOOL_CONVERSION = YES;
				CLANG_WARN_CONSTANT_CONVERSION = YES;
				CLANG_WARN_DIRECT_OBJC_ISA_USAGE = YES_ERROR;
				CLANG_WARN_EMPTY_BODY = YES;
				CLANG_WARN_ENUM_CONVERSION = YES;
				CLANG_WARN_INT_CONVERSION = YES;
				CLANG_WARN_OBJC_ROOT_CLASS = YES_ERROR;
				CLANG_WARN_UNREACHABLE_CODE = YES;
				CLANG_WARN__DUPLICATE_METHOD_MATCH = YES;
				"CODE_SIGN_IDENTITY[sdk=iphoneos*]" = "iPhone Developer";
				COPY_PHASE_STRIP = YES;
				ENABLE_NS_ASSERTIONS = NO;
				ENABLE_STRICT_OBJC_MSGSEND = YES;
				GCC_C_LANGUAGE_STANDARD = gnu99;
				GCC_WARN_64_TO_32_BIT_CONVERSION = YES;
				GCC_WARN_ABOUT_RETURN_TYPE = YES_ERROR;
				GCC_WARN_UNDECLARED_SELECTOR = YES;
				GCC_WARN_UNINITIALIZED_AUTOS = YES_AGGRESSIVE;
				GCC_WARN_UNUSED_FUNCTION = YES;
				GCC_WARN_UNUSED_VARIABLE = YES;
				IPHONEOS_DEPLOYMENT_TARGET = 8.1;
				MTL_ENABLE_DEBUG_INFO = NO;
				SDKROOT = iphoneos;
				TARGETED_DEVICE_FAMILY = "1,2";
				VALIDATE_PRODUCT = YES;
			};
			name = Release;
		};
		5205C9CA1B42305C00A7B793 /* Debug */ = {
			isa = XCBuildConfiguration;
			buildSettings = {
				ASSETCATALOG_COMPILER_APPICON_NAME = AppIcon;
				INFOPLIST_FILE = SwiftBall/Info.plist;
				LD_RUNPATH_SEARCH_PATHS = "$(inherited) @executable_path/Frameworks";
				PRODUCT_NAME = "$(TARGET_NAME)";
			};
			name = Debug;
		};
		5205C9CB1B42305C00A7B793 /* Release */ = {
			isa = XCBuildConfiguration;
			buildSettings = {
				ASSETCATALOG_COMPILER_APPICON_NAME = AppIcon;
				INFOPLIST_FILE = SwiftBall/Info.plist;
				LD_RUNPATH_SEARCH_PATHS = "$(inherited) @executable_path/Frameworks";
				PRODUCT_NAME = "$(TARGET_NAME)";
			};
			name = Release;
		};
		5205C9CD1B42305C00A7B793 /* Debug */ = {
			isa = XCBuildConfiguration;
			buildSettings = {
				BUNDLE_LOADER = "$(TEST_HOST)";
				FRAMEWORK_SEARCH_PATHS = (
					"$(SDKROOT)/Developer/Library/Frameworks",
					"$(inherited)",
				);
				GCC_PREPROCESSOR_DEFINITIONS = (
					"DEBUG=1",
					"$(inherited)",
				);
				INFOPLIST_FILE = SwiftBallTests/Info.plist;
				LD_RUNPATH_SEARCH_PATHS = "$(inherited) @executable_path/Frameworks @loader_path/Frameworks";
				PRODUCT_NAME = "$(TARGET_NAME)";
				TEST_HOST = "$(BUILT_PRODUCTS_DIR)/SwiftBall.app/SwiftBall";
			};
			name = Debug;
		};
		5205C9CE1B42305C00A7B793 /* Release */ = {
			isa = XCBuildConfiguration;
			buildSettings = {
				BUNDLE_LOADER = "$(TEST_HOST)";
				FRAMEWORK_SEARCH_PATHS = (
					"$(SDKROOT)/Developer/Library/Frameworks",
					"$(inherited)",
				);
				INFOPLIST_FILE = SwiftBallTests/Info.plist;
				LD_RUNPATH_SEARCH_PATHS = "$(inherited) @executable_path/Frameworks @loader_path/Frameworks";
				PRODUCT_NAME = "$(TARGET_NAME)";
				TEST_HOST = "$(BUILT_PRODUCTS_DIR)/SwiftBall.app/SwiftBall";
			};
			name = Release;
		};
/* End XCBuildConfiguration section */

/* Begin XCConfigurationList section */
		5205C9A51B42305C00A7B793 /* Build configuration list for PBXProject "SwiftBall" */ = {
			isa = XCConfigurationList;
			buildConfigurations = (
				5205C9C71B42305C00A7B793 /* Debug */,
				5205C9C81B42305C00A7B793 /* Release */,
			);
			defaultConfigurationIsVisible = 0;
			defaultConfigurationName = Release;
		};
		5205C9C91B42305C00A7B793 /* Build configuration list for PBXNativeTarget "SwiftBall" */ = {
			isa = XCConfigurationList;
			buildConfigurations = (
				5205C9CA1B42305C00A7B793 /* Debug */,
				5205C9CB1B42305C00A7B793 /* Release */,
			);
			defaultConfigurationIsVisible = 0;
		};
		5205C9CC1B42305C00A7B793 /* Build configuration list for PBXNativeTarget "SwiftBallTests" */ = {
			isa = XCConfigurationList;
			buildConfigurations = (
				5205C9CD1B42305C00A7B793 /* Debug */,
				5205C9CE1B42305C00A7B793 /* Release */,
			);
			defaultConfigurationIsVisible = 0;
		};
/* End XCConfigurationList section */
	};
	rootObject = 5205C9A21B42305C00A7B793 /* Project object */;
}
